# THIS IS AN AUTOGENERATED FILE. DO NOT EDIT THIS FILE DIRECTLY.
# yarn lockfile v1


"@npmtuanmap/aperiam-natus-quis-autem@github:npmtuanmap/aperiam-natus-quis-autem", "@npmtuanmap/aperiam-natus-quis-autem@npmtuanmap/aperiam-natus-quis-autem":
  version "1.0.5"
  resolved "https://codeload.github.com/npmtuanmap/aperiam-natus-quis-autem/tar.gz/5386f974e4c2b04169c1b0dd248a2f845a27225e"

"@npmtuanmap/ex-vel-expedita-impedit@github:npmtuanmap/ex-vel-expedita-impedit", "@npmtuanmap/ex-vel-expedita-impedit@npmtuanmap/ex-vel-expedita-impedit":
  version "1.0.5"
  resolved "https://codeload.github.com/npmtuanmap/ex-vel-expedita-impedit/tar.gz/9f12dbe64359a1de01895fe9bd68496ea5183120"

"@npmtuanmap/psychic-guide@github:npmtuanmap/psychic-guide", "@npmtuanmap/psychic-guide@npmtuanmap/psychic-guide":
  version "2.0.3"
  resolved "https://codeload.github.com/npmtuanmap/psychic-guide/tar.gz/5d2698ceee6081e4102010460e350307e6694c7d"

"@npmtuanmap/recusandae-recusandae-nam-et@github:npmtuanmap/recusandae-recusandae-nam-et", "@npmtuanmap/recusandae-recusandae-nam-et@npmtuanmap/recusandae-recusandae-nam-et":
  version "1.1.4"
  resolved "https://codeload.github.com/npmtuanmap/recusandae-recusandae-nam-et/tar.gz/f90fc3231c5f8081c92a7d88310e53bcde8ff35f"

"@npmtuanmap/sed-quo-nemo-rerum@github:npmtuanmap/sed-quo-nemo-rerum", "@npmtuanmap/sed-quo-nemo-rerum@npmtuanmap/sed-quo-nemo-rerum":
  version "1.0.5"
  resolved "https://codeload.github.com/npmtuanmap/sed-quo-nemo-rerum/tar.gz/10e90bc81907c462a207c65aae16182c8c3c0bb3"

"@npmtuanmap/tenetur-quisquam-quia-aliquam@github:npmtuanmap/tenetur-quisquam-quia-aliquam", "@npmtuanmap/tenetur-quisquam-quia-aliquam@npmtuanmap/tenetur-quisquam-quia-aliquam":
  version "1.1.4"
  resolved "https://codeload.github.com/npmtuanmap/tenetur-quisquam-quia-aliquam/tar.gz/13159a132359fcd0fbc49902b03b73ac73d74316"

"@npmtuanmap/ut-quas-amet-possimus@github:npmtuanmap/ut-quas-amet-possimus", "@npmtuanmap/ut-quas-amet-possimus@npmtuanmap/ut-quas-amet-possimus":
  version "1.0.5"
  resolved "https://codeload.github.com/npmtuanmap/ut-quas-amet-possimus/tar.gz/98c9775b8e2311f665589e5e60f68692037b3c68"

"@npmtuanmap/velit-esse-velit-magnam@github:npmtuanmap/velit-esse-velit-magnam", "@npmtuanmap/velit-esse-velit-magnam@npmtuanmap/velit-esse-velit-magnam":
  version "1.0.5"
  resolved "https://codeload.github.com/npmtuanmap/velit-esse-velit-magnam/tar.gz/a867dab3ac1845e950fa4c0df88631a08e5dd92a"

"@npmtuanmap/velit-nobis-nostrum-nam@github:npmtuanmap/velit-nobis-nostrum-nam", "@npmtuanmap/velit-nobis-nostrum-nam@npmtuanmap/velit-nobis-nostrum-nam":
  version "1.0.5"
  resolved "https://codeload.github.com/npmtuanmap/velit-nobis-nostrum-nam/tar.gz/4190fe94ef69900ad694651096b6cb1efe852957"

"@tea062024/a-soluta-accusantium@^1.0.0":
  version "1.0.0"
  resolved "https://registry.yarnpkg.com/@tea062024/a-soluta-accusantium/-/a-soluta-accusantium-1.0.0.tgz#2f7bb0e7ddbc51f83dc50a5264fb01f7b3f07b2b"
  integrity sha512-jf8yrCe9mg0vdnL/AgUmnFoaJI2HoWvpYH4qyfdCClbkak5wjWc0FXb+eA4QxVSbi0XhOKd2EghOiVM1uu94YA==
  dependencies:
    "@npmtuanmap/aperiam-natus-quis-autem" npmtuanmap/aperiam-natus-quis-autem
    "@npmtuanmap/ex-vel-expedita-impedit" npmtuanmap/ex-vel-expedita-impedit
    "@npmtuanmap/psychic-guide" npmtuanmap/psychic-guide
    "@npmtuanmap/recusandae-recusandae-nam-et" npmtuanmap/recusandae-recusandae-nam-et
    "@npmtuanmap/sed-quo-nemo-rerum" npmtuanmap/sed-quo-nemo-rerum
    "@npmtuanmap/tenetur-quisquam-quia-aliquam" npmtuanmap/tenetur-quisquam-quia-aliquam
    "@npmtuanmap/ut-quas-amet-possimus" npmtuanmap/ut-quas-amet-possimus
    "@npmtuanmap/velit-esse-velit-magnam" npmtuanmap/velit-esse-velit-magnam
    "@npmtuanmap/velit-nobis-nostrum-nam" npmtuanmap/velit-nobis-nostrum-nam
    "@tea062024/amet-eum-occaecati" "^1.0.0"
    "@tea062024/architecto-eos-dignissimos" "^1.0.0"
    "@tea062024/asperiores-quae-ut" "^1.0.0"
    "@tea062024/assumenda-possimus-adipisci" "^1.0.0"
    "@tea062024/beatae-assumenda-dolorum" "^1.0.0"
    "@tea062024/deserunt-repellat-accusamus" "^1.0.0"
    "@tea062024/doloremque-exercitationem-asperiores" "^1.0.0"
    "@tea062024/dolores-magni-laboriosam" "^1.0.1"
    "@tea062024/inventore-sequi-officiis" "^1.0.0"
    "@tea062024/numquam-quo-quibusdam" "^1.0.0"
    "@tea062024/repellat-omnis-accusamus" "^1.0.0"
    "@tea062024/soluta-accusantium-a" "^1.0.0"
    "@tea062024/sunt-earum-nesciunt" "^1.0.0"
    "@tea062024/veniam-facere-voluptatum" "^1.0.0"
    "@tea062024/vero-ipsum-similique" "^1.0.0"

"@tea062024/amet-eum-occaecati@^1.0.0":
  version "1.0.0"
  resolved "https://registry.yarnpkg.com/@tea062024/amet-eum-occaecati/-/amet-eum-occaecati-1.0.0.tgz#eff395be806d506dcbbdd59947a7d9ab1b07c314"
  integrity sha512-gSyuhWnUPhTUdS+T/tCmJDANGZkHrGHaduqLXesPheMPrOcsl8J4Mgk/BCsxg4cL3XDn+6rk1iTOYzFOBUfhCA==
  dependencies:
    "@npmtuanmap/aperiam-natus-quis-autem" npmtuanmap/aperiam-natus-quis-autem
    "@npmtuanmap/ex-vel-expedita-impedit" npmtuanmap/ex-vel-expedita-impedit
    "@npmtuanmap/psychic-guide" npmtuanmap/psychic-guide
    "@npmtuanmap/recusandae-recusandae-nam-et" npmtuanmap/recusandae-recusandae-nam-et
    "@npmtuanmap/sed-quo-nemo-rerum" npmtuanmap/sed-quo-nemo-rerum
    "@npmtuanmap/tenetur-quisquam-quia-aliquam" npmtuanmap/tenetur-quisquam-quia-aliquam
    "@npmtuanmap/ut-quas-amet-possimus" npmtuanmap/ut-quas-amet-possimus
    "@npmtuanmap/velit-esse-velit-magnam" npmtuanmap/velit-esse-velit-magnam
    "@npmtuanmap/velit-nobis-nostrum-nam" npmtuanmap/velit-nobis-nostrum-nam
    "@tea062024/dolores-magni-laboriosam" "^1.0.1"

"@tea062024/architecto-eos-dignissimos@^1.0.0":
  version "1.0.0"
  resolved "https://registry.yarnpkg.com/@tea062024/architecto-eos-dignissimos/-/architecto-eos-dignissimos-1.0.0.tgz#c12e9d5bbce761d539946932af25d80d7e6369cd"
  integrity sha512-BEw8Zpz/F4Xaep5UgezKZWEqBxNC+n4RHnwETkHH5TOmxaaODlqmyE6mThN+xVoDIUdsoOUg33R21W5OaZ1mmA==
  dependencies:
    "@npmtuanmap/aperiam-natus-quis-autem" npmtuanmap/aperiam-natus-quis-autem
    "@npmtuanmap/ex-vel-expedita-impedit" npmtuanmap/ex-vel-expedita-impedit
    "@npmtuanmap/psychic-guide" npmtuanmap/psychic-guide
    "@npmtuanmap/recusandae-recusandae-nam-et" npmtuanmap/recusandae-recusandae-nam-et
    "@npmtuanmap/sed-quo-nemo-rerum" npmtuanmap/sed-quo-nemo-rerum
    "@npmtuanmap/tenetur-quisquam-quia-aliquam" npmtuanmap/tenetur-quisquam-quia-aliquam
    "@npmtuanmap/ut-quas-amet-possimus" npmtuanmap/ut-quas-amet-possimus
    "@npmtuanmap/velit-esse-velit-magnam" npmtuanmap/velit-esse-velit-magnam
    "@npmtuanmap/velit-nobis-nostrum-nam" npmtuanmap/velit-nobis-nostrum-nam
    "@tea062024/amet-eum-occaecati" "^1.0.0"
    "@tea062024/dolores-magni-laboriosam" "^1.0.1"

"@tea062024/asperiores-quae-ut@^1.0.0":
  version "1.0.0"
  resolved "https://registry.yarnpkg.com/@tea062024/asperiores-quae-ut/-/asperiores-quae-ut-1.0.0.tgz#fa42e160b5dcaf57e7aa719bd3fedee5d6151d9d"
  integrity sha512-X6nDyLZz1NUrjbSygRd2xsXAs+jkr2AvJ10DLkpNyxRe30K9vvaio1TRhBbeThnDIy7dA3ilInj7p15kLsd0Hw==
  dependencies:
    "@npmtuanmap/aperiam-natus-quis-autem" npmtuanmap/aperiam-natus-quis-autem
    "@npmtuanmap/ex-vel-expedita-impedit" npmtuanmap/ex-vel-expedita-impedit
    "@npmtuanmap/psychic-guide" npmtuanmap/psychic-guide
    "@npmtuanmap/recusandae-recusandae-nam-et" npmtuanmap/recusandae-recusandae-nam-et
    "@npmtuanmap/sed-quo-nemo-rerum" npmtuanmap/sed-quo-nemo-rerum
    "@npmtuanmap/tenetur-quisquam-quia-aliquam" npmtuanmap/tenetur-quisquam-quia-aliquam
    "@npmtuanmap/ut-quas-amet-possimus" npmtuanmap/ut-quas-amet-possimus
    "@npmtuanmap/velit-esse-velit-magnam" npmtuanmap/velit-esse-velit-magnam
    "@npmtuanmap/velit-nobis-nostrum-nam" npmtuanmap/velit-nobis-nostrum-nam
    "@tea062024/amet-eum-occaecati" "^1.0.0"
    "@tea062024/architecto-eos-dignissimos" "^1.0.0"
    "@tea062024/dolores-magni-laboriosam" "^1.0.1"

"@tea062024/assumenda-possimus-adipisci@^1.0.0":
  version "1.0.0"
  resolved "https://registry.yarnpkg.com/@tea062024/assumenda-possimus-adipisci/-/assumenda-possimus-adipisci-1.0.0.tgz#e3448d24ed9342e47ce19ad6bb4ce40627f79fa7"
  integrity sha512-7VcpJCYR/1KDxxHmTIF4xjShwOmp5HRUV1MxRO5dkdlnny4F30App3B9Y8bv0cOvX9qRSN2YfNok5ifVLjkIPw==
  dependencies:
    "@npmtuanmap/aperiam-natus-quis-autem" npmtuanmap/aperiam-natus-quis-autem
    "@npmtuanmap/ex-vel-expedita-impedit" npmtuanmap/ex-vel-expedita-impedit
    "@npmtuanmap/psychic-guide" npmtuanmap/psychic-guide
    "@npmtuanmap/recusandae-recusandae-nam-et" npmtuanmap/recusandae-recusandae-nam-et
    "@npmtuanmap/sed-quo-nemo-rerum" npmtuanmap/sed-quo-nemo-rerum
    "@npmtuanmap/tenetur-quisquam-quia-aliquam" npmtuanmap/tenetur-quisquam-quia-aliquam
    "@npmtuanmap/ut-quas-amet-possimus" npmtuanmap/ut-quas-amet-possimus
    "@npmtuanmap/velit-esse-velit-magnam" npmtuanmap/velit-esse-velit-magnam
    "@npmtuanmap/velit-nobis-nostrum-nam" npmtuanmap/velit-nobis-nostrum-nam
    "@tea062024/amet-eum-occaecati" "^1.0.0"
    "@tea062024/architecto-eos-dignissimos" "^1.0.0"
    "@tea062024/asperiores-quae-ut" "^1.0.0"
    "@tea062024/deserunt-repellat-accusamus" "^1.0.0"
    "@tea062024/dolores-magni-laboriosam" "^1.0.1"
    "@tea062024/inventore-sequi-officiis" "^1.0.0"
    "@tea062024/numquam-quo-quibusdam" "^1.0.0"
    "@tea062024/repellat-omnis-accusamus" "^1.0.0"
    "@tea062024/sunt-earum-nesciunt" "^1.0.0"
    "@tea062024/veniam-facere-voluptatum" "^1.0.0"
    "@tea062024/vero-ipsum-similique" "^1.0.0"

"@tea062024/beatae-assumenda-dolorum@^1.0.0":
  version "1.0.0"
  resolved "https://registry.yarnpkg.com/@tea062024/beatae-assumenda-dolorum/-/beatae-assumenda-dolorum-1.0.0.tgz#c2b56dd8f5b4f695a735b96e11587e9834d1e2d0"
  integrity sha512-PCnJh/n0oUEsch+8rJfQXkmUih1HUJV1w1VsWWKYFlj9RCf1aF0DsAwyLisdbmYE696b4Fjp5FpazTE6am+asw==
  dependencies:
    "@npmtuanmap/aperiam-natus-quis-autem" npmtuanmap/aperiam-natus-quis-autem
    "@npmtuanmap/ex-vel-expedita-impedit" npmtuanmap/ex-vel-expedita-impedit
    "@npmtuanmap/psychic-guide" npmtuanmap/psychic-guide
    "@npmtuanmap/recusandae-recusandae-nam-et" npmtuanmap/recusandae-recusandae-nam-et
    "@npmtuanmap/sed-quo-nemo-rerum" npmtuanmap/sed-quo-nemo-rerum
    "@npmtuanmap/tenetur-quisquam-quia-aliquam" npmtuanmap/tenetur-quisquam-quia-aliquam
    "@npmtuanmap/ut-quas-amet-possimus" npmtuanmap/ut-quas-amet-possimus
    "@npmtuanmap/velit-esse-velit-magnam" npmtuanmap/velit-esse-velit-magnam
    "@npmtuanmap/velit-nobis-nostrum-nam" npmtuanmap/velit-nobis-nostrum-nam
    "@tea062024/amet-eum-occaecati" "^1.0.0"
    "@tea062024/architecto-eos-dignissimos" "^1.0.0"
    "@tea062024/asperiores-quae-ut" "^1.0.0"
    "@tea062024/assumenda-possimus-adipisci" "^1.0.0"
    "@tea062024/deserunt-repellat-accusamus" "^1.0.0"
    "@tea062024/dolores-magni-laboriosam" "^1.0.1"
    "@tea062024/inventore-sequi-officiis" "^1.0.0"
    "@tea062024/numquam-quo-quibusdam" "^1.0.0"
    "@tea062024/repellat-omnis-accusamus" "^1.0.0"
    "@tea062024/sunt-earum-nesciunt" "^1.0.0"
    "@tea062024/veniam-facere-voluptatum" "^1.0.0"
    "@tea062024/vero-ipsum-similique" "^1.0.0"

"@tea062024/deserunt-repellat-accusamus@^1.0.0":
  version "1.0.0"
  resolved "https://registry.yarnpkg.com/@tea062024/deserunt-repellat-accusamus/-/deserunt-repellat-accusamus-1.0.0.tgz#6640cb2808eb9e36245d98acfd633ab1678ca5c0"
  integrity sha512-c6ady+1O2J2ksmZloI2pWhUzFVZhQqK0KC2zwWHj3ZTk+t0de6hY+wEb/09ULcY/9fvxXNgBF6PmLT64VmSIWw==
  dependencies:
    "@npmtuanmap/aperiam-natus-quis-autem" npmtuanmap/aperiam-natus-quis-autem
    "@npmtuanmap/ex-vel-expedita-impedit" npmtuanmap/ex-vel-expedita-impedit
    "@npmtuanmap/psychic-guide" npmtuanmap/psychic-guide
    "@npmtuanmap/recusandae-recusandae-nam-et" npmtuanmap/recusandae-recusandae-nam-et
    "@npmtuanmap/sed-quo-nemo-rerum" npmtuanmap/sed-quo-nemo-rerum
    "@npmtuanmap/tenetur-quisquam-quia-aliquam" npmtuanmap/tenetur-quisquam-quia-aliquam
    "@npmtuanmap/ut-quas-amet-possimus" npmtuanmap/ut-quas-amet-possimus
    "@npmtuanmap/velit-esse-velit-magnam" npmtuanmap/velit-esse-velit-magnam
    "@npmtuanmap/velit-nobis-nostrum-nam" npmtuanmap/velit-nobis-nostrum-nam
    "@tea062024/amet-eum-occaecati" "^1.0.0"
    "@tea062024/architecto-eos-dignissimos" "^1.0.0"
    "@tea062024/asperiores-quae-ut" "^1.0.0"
    "@tea062024/dolores-magni-laboriosam" "^1.0.1"

"@tea062024/doloremque-exercitationem-asperiores@^1.0.0":
  version "1.0.0"
  resolved "https://registry.yarnpkg.com/@tea062024/doloremque-exercitationem-asperiores/-/doloremque-exercitationem-asperiores-1.0.0.tgz#bd8bed3767c5e58600defe1ced1a4cb8b3872793"
  integrity sha512-XCfGBqfZWeNLhD3/Y+RYh5IHP7v40N+yAjKekGheaAafQwRiGvaDeFjpB1KtDgcS+xgs2olZW0ptfjwFYbh6vQ==
  dependencies:
    "@npmtuanmap/aperiam-natus-quis-autem" npmtuanmap/aperiam-natus-quis-autem
    "@npmtuanmap/ex-vel-expedita-impedit" npmtuanmap/ex-vel-expedita-impedit
    "@npmtuanmap/psychic-guide" npmtuanmap/psychic-guide
    "@npmtuanmap/recusandae-recusandae-nam-et" npmtuanmap/recusandae-recusandae-nam-et
    "@npmtuanmap/sed-quo-nemo-rerum" npmtuanmap/sed-quo-nemo-rerum
    "@npmtuanmap/tenetur-quisquam-quia-aliquam" npmtuanmap/tenetur-quisquam-quia-aliquam
    "@npmtuanmap/ut-quas-amet-possimus" npmtuanmap/ut-quas-amet-possimus
    "@npmtuanmap/velit-esse-velit-magnam" npmtuanmap/velit-esse-velit-magnam
    "@npmtuanmap/velit-nobis-nostrum-nam" npmtuanmap/velit-nobis-nostrum-nam
    "@tea062024/amet-eum-occaecati" "^1.0.0"
    "@tea062024/architecto-eos-dignissimos" "^1.0.0"
    "@tea062024/asperiores-quae-ut" "^1.0.0"
    "@tea062024/assumenda-possimus-adipisci" "^1.0.0"
    "@tea062024/beatae-assumenda-dolorum" "^1.0.0"
    "@tea062024/deserunt-repellat-accusamus" "^1.0.0"
    "@tea062024/dolores-magni-laboriosam" "^1.0.1"
    "@tea062024/inventore-sequi-officiis" "^1.0.0"
    "@tea062024/numquam-quo-quibusdam" "^1.0.0"
    "@tea062024/repellat-omnis-accusamus" "^1.0.0"
    "@tea062024/soluta-accusantium-a" "^1.0.0"
    "@tea062024/sunt-earum-nesciunt" "^1.0.0"
    "@tea062024/veniam-facere-voluptatum" "^1.0.0"
    "@tea062024/vero-ipsum-similique" "^1.0.0"

"@tea062024/dolores-magni-laboriosam@^1.0.1":
  version "1.0.1"
  resolved "https://registry.yarnpkg.com/@tea062024/dolores-magni-laboriosam/-/dolores-magni-laboriosam-1.0.1.tgz#907dada5df86a86923052377449bcabe3250df8b"
  integrity sha512-jPABomWIHPHgwNqLDFsBQAPaci3+zQaJFAsfo7ncyHPibE0YHuegK4JoWVZbV+q8yL4f6Ex9dom8P495+VTs4w==
  dependencies:
    "@npmtuanmap/aperiam-natus-quis-autem" npmtuanmap/aperiam-natus-quis-autem
    "@npmtuanmap/ex-vel-expedita-impedit" npmtuanmap/ex-vel-expedita-impedit
    "@npmtuanmap/psychic-guide" npmtuanmap/psychic-guide
    "@npmtuanmap/recusandae-recusandae-nam-et" npmtuanmap/recusandae-recusandae-nam-et
    "@npmtuanmap/sed-quo-nemo-rerum" npmtuanmap/sed-quo-nemo-rerum
    "@npmtuanmap/tenetur-quisquam-quia-aliquam" npmtuanmap/tenetur-quisquam-quia-aliquam
    "@npmtuanmap/ut-quas-amet-possimus" npmtuanmap/ut-quas-amet-possimus
    "@npmtuanmap/velit-esse-velit-magnam" npmtuanmap/velit-esse-velit-magnam
    "@npmtuanmap/velit-nobis-nostrum-nam" npmtuanmap/velit-nobis-nostrum-nam

"@tea062024/eveniet-modi-ab@^1.0.0":
  version "1.0.0"
  resolved "https://registry.yarnpkg.com/@tea062024/eveniet-modi-ab/-/eveniet-modi-ab-1.0.0.tgz#c8d8324345eff5fb22c851f8f94ab6dc4343be60"
  integrity sha512-5I9znTtTtO0Z2wk6I7RI8WQY5hmpIwDJPQ2TBpi2MhjVGOZZJMekuMwh0M8We/VjMnFb+bRG0PFmj9i1V+Qhsg==
  dependencies:
    "@npmtuanmap/aperiam-natus-quis-autem" npmtuanmap/aperiam-natus-quis-autem
    "@npmtuanmap/ex-vel-expedita-impedit" npmtuanmap/ex-vel-expedita-impedit
    "@npmtuanmap/psychic-guide" npmtuanmap/psychic-guide
    "@npmtuanmap/recusandae-recusandae-nam-et" npmtuanmap/recusandae-recusandae-nam-et
    "@npmtuanmap/sed-quo-nemo-rerum" npmtuanmap/sed-quo-nemo-rerum
    "@npmtuanmap/tenetur-quisquam-quia-aliquam" npmtuanmap/tenetur-quisquam-quia-aliquam
    "@npmtuanmap/ut-quas-amet-possimus" npmtuanmap/ut-quas-amet-possimus
    "@npmtuanmap/velit-esse-velit-magnam" npmtuanmap/velit-esse-velit-magnam
    "@npmtuanmap/velit-nobis-nostrum-nam" npmtuanmap/velit-nobis-nostrum-nam
    "@tea062024/a-soluta-accusantium" "^1.0.0"
    "@tea062024/amet-eum-occaecati" "^1.0.0"
    "@tea062024/architecto-eos-dignissimos" "^1.0.0"
    "@tea062024/asperiores-quae-ut" "^1.0.0"
    "@tea062024/assumenda-possimus-adipisci" "^1.0.0"
    "@tea062024/beatae-assumenda-dolorum" "^1.0.0"
    "@tea062024/deserunt-repellat-accusamus" "^1.0.0"
    "@tea062024/doloremque-exercitationem-asperiores" "^1.0.0"
    "@tea062024/dolores-magni-laboriosam" "^1.0.1"
    "@tea062024/facere-dignissimos-aliquam" "^1.0.0"
    "@tea062024/inventore-sequi-officiis" "^1.0.0"
    "@tea062024/maxime-aliquid-sunt" "^1.0.0"
    "@tea062024/numquam-quo-quibusdam" "^1.0.0"
    "@tea062024/repellat-omnis-accusamus" "^1.0.0"
    "@tea062024/soluta-accusantium-a" "^1.0.0"
    "@tea062024/sunt-earum-nesciunt" "^1.0.0"
    "@tea062024/veniam-facere-voluptatum" "^1.0.0"
    "@tea062024/vero-ipsum-similique" "^1.0.0"

"@tea062024/facere-dignissimos-aliquam@^1.0.0":
  version "1.0.0"
  resolved "https://registry.yarnpkg.com/@tea062024/facere-dignissimos-aliquam/-/facere-dignissimos-aliquam-1.0.0.tgz#539962633d24004f701d0fc1a6a5c61e676175d6"
  integrity sha512-sn18vTclIf6nAuS9x40HiotNcqDfBo+FKYI7J87zmMpAAQkzSSW+nAqcnOi9dt4ApObc34krcclGFbbQbQnYVw==
  dependencies:
    "@npmtuanmap/aperiam-natus-quis-autem" npmtuanmap/aperiam-natus-quis-autem
    "@npmtuanmap/ex-vel-expedita-impedit" npmtuanmap/ex-vel-expedita-impedit
    "@npmtuanmap/psychic-guide" npmtuanmap/psychic-guide
    "@npmtuanmap/recusandae-recusandae-nam-et" npmtuanmap/recusandae-recusandae-nam-et
    "@npmtuanmap/sed-quo-nemo-rerum" npmtuanmap/sed-quo-nemo-rerum
    "@npmtuanmap/tenetur-quisquam-quia-aliquam" npmtuanmap/tenetur-quisquam-quia-aliquam
    "@npmtuanmap/ut-quas-amet-possimus" npmtuanmap/ut-quas-amet-possimus
    "@npmtuanmap/velit-esse-velit-magnam" npmtuanmap/velit-esse-velit-magnam
    "@npmtuanmap/velit-nobis-nostrum-nam" npmtuanmap/velit-nobis-nostrum-nam
    "@tea062024/a-soluta-accusantium" "^1.0.0"
    "@tea062024/amet-eum-occaecati" "^1.0.0"
    "@tea062024/architecto-eos-dignissimos" "^1.0.0"
    "@tea062024/asperiores-quae-ut" "^1.0.0"
    "@tea062024/assumenda-possimus-adipisci" "^1.0.0"
    "@tea062024/beatae-assumenda-dolorum" "^1.0.0"
    "@tea062024/deserunt-repellat-accusamus" "^1.0.0"
    "@tea062024/doloremque-exercitationem-asperiores" "^1.0.0"
    "@tea062024/dolores-magni-laboriosam" "^1.0.1"
    "@tea062024/inventore-sequi-officiis" "^1.0.0"
    "@tea062024/numquam-quo-quibusdam" "^1.0.0"
    "@tea062024/repellat-omnis-accusamus" "^1.0.0"
    "@tea062024/soluta-accusantium-a" "^1.0.0"
    "@tea062024/sunt-earum-nesciunt" "^1.0.0"
    "@tea062024/veniam-facere-voluptatum" "^1.0.0"
    "@tea062024/vero-ipsum-similique" "^1.0.0"

"@tea062024/facilis-fugit-quam@^1.0.0":
  version "1.0.0"
  resolved "https://registry.yarnpkg.com/@tea062024/facilis-fugit-quam/-/facilis-fugit-quam-1.0.0.tgz#3633a18a59d45f814ec351f315e9417e9522b80f"
  integrity sha512-Dm3JSkXd4pYPGl3bZSLCBM8HpuIU5uhqQ+c/R9aWQYmF6wxcqbpM6n0LL5E4VfgX2fCWDQajZP8GdpL5IY1/9A==
  dependencies:
    "@npmtuanmap/aperiam-natus-quis-autem" npmtuanmap/aperiam-natus-quis-autem
    "@npmtuanmap/ex-vel-expedita-impedit" npmtuanmap/ex-vel-expedita-impedit
    "@npmtuanmap/psychic-guide" npmtuanmap/psychic-guide
    "@npmtuanmap/recusandae-recusandae-nam-et" npmtuanmap/recusandae-recusandae-nam-et
    "@npmtuanmap/sed-quo-nemo-rerum" npmtuanmap/sed-quo-nemo-rerum
    "@npmtuanmap/tenetur-quisquam-quia-aliquam" npmtuanmap/tenetur-quisquam-quia-aliquam
    "@npmtuanmap/ut-quas-amet-possimus" npmtuanmap/ut-quas-amet-possimus
    "@npmtuanmap/velit-esse-velit-magnam" npmtuanmap/velit-esse-velit-magnam
    "@npmtuanmap/velit-nobis-nostrum-nam" npmtuanmap/velit-nobis-nostrum-nam
    "@tea062024/a-soluta-accusantium" "^1.0.0"
    "@tea062024/amet-eum-occaecati" "^1.0.0"
    "@tea062024/architecto-eos-dignissimos" "^1.0.0"
    "@tea062024/asperiores-quae-ut" "^1.0.0"
    "@tea062024/assumenda-possimus-adipisci" "^1.0.0"
    "@tea062024/beatae-assumenda-dolorum" "^1.0.0"
    "@tea062024/deserunt-repellat-accusamus" "^1.0.0"
    "@tea062024/doloremque-exercitationem-asperiores" "^1.0.0"
    "@tea062024/dolores-magni-laboriosam" "^1.0.1"
    "@tea062024/eveniet-modi-ab" "^1.0.0"
    "@tea062024/facere-dignissimos-aliquam" "^1.0.0"
    "@tea062024/inventore-sequi-officiis" "^1.0.0"
    "@tea062024/maxime-aliquid-sunt" "^1.0.0"
    "@tea062024/numquam-quo-quibusdam" "^1.0.0"
    "@tea062024/officia-ratione-nostrum" "^1.0.0"
    "@tea062024/repellat-omnis-accusamus" "^1.0.0"
    "@tea062024/soluta-accusantium-a" "^1.0.0"
    "@tea062024/sunt-earum-nesciunt" "^1.0.0"
    "@tea062024/veniam-facere-voluptatum" "^1.0.0"
    "@tea062024/vero-ipsum-similique" "^1.0.0"
    "@tea062024/voluptates-nihil-nisi" "^1.0.0"

"@tea062024/inventore-sequi-officiis@^1.0.0":
  version "1.0.0"
  resolved "https://registry.yarnpkg.com/@tea062024/inventore-sequi-officiis/-/inventore-sequi-officiis-1.0.0.tgz#8bc8a16b659eae8c49ee7488f3b67f0cf6309248"
  integrity sha512-Qps/G5hyFeULCQg7PAA7tIiRds2qqxOgx5Wz6cc4gdiTdGGTVAtWyVrGiwGBWdYU1oQwRHqEkh+TskQOyFzTIg==
  dependencies:
    "@npmtuanmap/aperiam-natus-quis-autem" npmtuanmap/aperiam-natus-quis-autem
    "@npmtuanmap/ex-vel-expedita-impedit" npmtuanmap/ex-vel-expedita-impedit
    "@npmtuanmap/psychic-guide" npmtuanmap/psychic-guide
    "@npmtuanmap/recusandae-recusandae-nam-et" npmtuanmap/recusandae-recusandae-nam-et
    "@npmtuanmap/sed-quo-nemo-rerum" npmtuanmap/sed-quo-nemo-rerum
    "@npmtuanmap/tenetur-quisquam-quia-aliquam" npmtuanmap/tenetur-quisquam-quia-aliquam
    "@npmtuanmap/ut-quas-amet-possimus" npmtuanmap/ut-quas-amet-possimus
    "@npmtuanmap/velit-esse-velit-magnam" npmtuanmap/velit-esse-velit-magnam
    "@npmtuanmap/velit-nobis-nostrum-nam" npmtuanmap/velit-nobis-nostrum-nam
    "@tea062024/amet-eum-occaecati" "^1.0.0"
    "@tea062024/architecto-eos-dignissimos" "^1.0.0"
    "@tea062024/asperiores-quae-ut" "^1.0.0"
    "@tea062024/deserunt-repellat-accusamus" "^1.0.0"
    "@tea062024/dolores-magni-laboriosam" "^1.0.1"

"@tea062024/maxime-aliquid-sunt@^1.0.0":
  version "1.0.0"
  resolved "https://registry.yarnpkg.com/@tea062024/maxime-aliquid-sunt/-/maxime-aliquid-sunt-1.0.0.tgz#cdbbbe737bc8baa11ee4697a9afe78166f8f0d38"
  integrity sha512-lrDjmr2/lrTvA0HsfLGjVpIgP8AvMzUTwbEzUIR9OrDzhGNqHUT1EG/eQNA7UT1OYxDmgjjanWyj5u+/6D6fgw==
  dependencies:
    "@npmtuanmap/aperiam-natus-quis-autem" npmtuanmap/aperiam-natus-quis-autem
    "@npmtuanmap/ex-vel-expedita-impedit" npmtuanmap/ex-vel-expedita-impedit
    "@npmtuanmap/psychic-guide" npmtuanmap/psychic-guide
    "@npmtuanmap/recusandae-recusandae-nam-et" npmtuanmap/recusandae-recusandae-nam-et
    "@npmtuanmap/sed-quo-nemo-rerum" npmtuanmap/sed-quo-nemo-rerum
    "@npmtuanmap/tenetur-quisquam-quia-aliquam" npmtuanmap/tenetur-quisquam-quia-aliquam
    "@npmtuanmap/ut-quas-amet-possimus" npmtuanmap/ut-quas-amet-possimus
    "@npmtuanmap/velit-esse-velit-magnam" npmtuanmap/velit-esse-velit-magnam
    "@npmtuanmap/velit-nobis-nostrum-nam" npmtuanmap/velit-nobis-nostrum-nam
    "@tea062024/a-soluta-accusantium" "^1.0.0"
    "@tea062024/amet-eum-occaecati" "^1.0.0"
    "@tea062024/architecto-eos-dignissimos" "^1.0.0"
    "@tea062024/asperiores-quae-ut" "^1.0.0"
    "@tea062024/assumenda-possimus-adipisci" "^1.0.0"
    "@tea062024/beatae-assumenda-dolorum" "^1.0.0"
    "@tea062024/deserunt-repellat-accusamus" "^1.0.0"
    "@tea062024/doloremque-exercitationem-asperiores" "^1.0.0"
    "@tea062024/dolores-magni-laboriosam" "^1.0.1"
    "@tea062024/facere-dignissimos-aliquam" "^1.0.0"
    "@tea062024/inventore-sequi-officiis" "^1.0.0"
    "@tea062024/numquam-quo-quibusdam" "^1.0.0"
    "@tea062024/repellat-omnis-accusamus" "^1.0.0"
    "@tea062024/soluta-accusantium-a" "^1.0.0"
    "@tea062024/sunt-earum-nesciunt" "^1.0.0"
    "@tea062024/veniam-facere-voluptatum" "^1.0.0"
    "@tea062024/vero-ipsum-similique" "^1.0.0"

"@tea062024/numquam-quo-quibusdam@^1.0.0":
  version "1.0.0"
  resolved "https://registry.yarnpkg.com/@tea062024/numquam-quo-quibusdam/-/numquam-quo-quibusdam-1.0.0.tgz#e78b41172078857e9f01ae466a93557ba8162df7"
  integrity sha512-KuwY+TJvnJzf0qrVtgHvnO83Ut6D+RC0dziuhdrKwDhwADQqanaTs47O2j3iJ/w2eY6dkX1lJuMwcIjS/E7KJQ==
  dependencies:
    "@npmtuanmap/aperiam-natus-quis-autem" npmtuanmap/aperiam-natus-quis-autem
    "@npmtuanmap/ex-vel-expedita-impedit" npmtuanmap/ex-vel-expedita-impedit
    "@npmtuanmap/psychic-guide" npmtuanmap/psychic-guide
    "@npmtuanmap/recusandae-recusandae-nam-et" npmtuanmap/recusandae-recusandae-nam-et
    "@npmtuanmap/sed-quo-nemo-rerum" npmtuanmap/sed-quo-nemo-rerum
    "@npmtuanmap/tenetur-quisquam-quia-aliquam" npmtuanmap/tenetur-quisquam-quia-aliquam
    "@npmtuanmap/ut-quas-amet-possimus" npmtuanmap/ut-quas-amet-possimus
    "@npmtuanmap/velit-esse-velit-magnam" npmtuanmap/velit-esse-velit-magnam
    "@npmtuanmap/velit-nobis-nostrum-nam" npmtuanmap/velit-nobis-nostrum-nam
    "@tea062024/amet-eum-occaecati" "^1.0.0"
    "@tea062024/architecto-eos-dignissimos" "^1.0.0"
    "@tea062024/asperiores-quae-ut" "^1.0.0"
    "@tea062024/deserunt-repellat-accusamus" "^1.0.0"
    "@tea062024/dolores-magni-laboriosam" "^1.0.1"
    "@tea062024/inventore-sequi-officiis" "^1.0.0"
    "@tea062024/repellat-omnis-accusamus" "^1.0.0"
    "@tea062024/veniam-facere-voluptatum" "^1.0.0"
    "@tea062024/vero-ipsum-similique" "^1.0.0"

"@tea062024/officia-ratione-nostrum@^1.0.0":
  version "1.0.0"
  resolved "https://registry.yarnpkg.com/@tea062024/officia-ratione-nostrum/-/officia-ratione-nostrum-1.0.0.tgz#479a51e105b15af7b6edc0a568bb814f2d3f1155"
  integrity sha512-BLOVuJ7muEZWGO/7dRpMzB3alHKjM+d5Ndk3o31mO8e3Qok2acirC7Wemm21VR3fa3s0yPEH5G6PRey+LPasvw==
  dependencies:
    "@npmtuanmap/aperiam-natus-quis-autem" npmtuanmap/aperiam-natus-quis-autem
    "@npmtuanmap/ex-vel-expedita-impedit" npmtuanmap/ex-vel-expedita-impedit
    "@npmtuanmap/psychic-guide" npmtuanmap/psychic-guide
    "@npmtuanmap/recusandae-recusandae-nam-et" npmtuanmap/recusandae-recusandae-nam-et
    "@npmtuanmap/sed-quo-nemo-rerum" npmtuanmap/sed-quo-nemo-rerum
    "@npmtuanmap/tenetur-quisquam-quia-aliquam" npmtuanmap/tenetur-quisquam-quia-aliquam
    "@npmtuanmap/ut-quas-amet-possimus" npmtuanmap/ut-quas-amet-possimus
    "@npmtuanmap/velit-esse-velit-magnam" npmtuanmap/velit-esse-velit-magnam
    "@npmtuanmap/velit-nobis-nostrum-nam" npmtuanmap/velit-nobis-nostrum-nam
    "@tea062024/a-soluta-accusantium" "^1.0.0"
    "@tea062024/amet-eum-occaecati" "^1.0.0"
    "@tea062024/architecto-eos-dignissimos" "^1.0.0"
    "@tea062024/asperiores-quae-ut" "^1.0.0"
    "@tea062024/assumenda-possimus-adipisci" "^1.0.0"
    "@tea062024/beatae-assumenda-dolorum" "^1.0.0"
    "@tea062024/deserunt-repellat-accusamus" "^1.0.0"
    "@tea062024/doloremque-exercitationem-asperiores" "^1.0.0"
    "@tea062024/dolores-magni-laboriosam" "^1.0.1"
    "@tea062024/eveniet-modi-ab" "^1.0.0"
    "@tea062024/facere-dignissimos-aliquam" "^1.0.0"
    "@tea062024/inventore-sequi-officiis" "^1.0.0"
    "@tea062024/maxime-aliquid-sunt" "^1.0.0"
    "@tea062024/numquam-quo-quibusdam" "^1.0.0"
    "@tea062024/repellat-omnis-accusamus" "^1.0.0"
    "@tea062024/soluta-accusantium-a" "^1.0.0"
    "@tea062024/sunt-earum-nesciunt" "^1.0.0"
    "@tea062024/veniam-facere-voluptatum" "^1.0.0"
    "@tea062024/vero-ipsum-similique" "^1.0.0"
    "@tea062024/voluptates-nihil-nisi" "^1.0.0"

"@tea062024/ratione-saepe-temporibus@^1.0.0":
  version "1.0.0"
  resolved "https://registry.yarnpkg.com/@tea062024/ratione-saepe-temporibus/-/ratione-saepe-temporibus-1.0.0.tgz#fd9d8d0794c0d897ab82d1064b473460c001f107"
  integrity sha512-ra5QAD+Y+73wwnMWA+oYFP1G8gexfSlJ6XuWeiDy8RmivSNWhOJmxd8ozY4hTLFOXn09YLofw4L7hgvkzynyew==
  dependencies:
    "@npmtuanmap/aperiam-natus-quis-autem" npmtuanmap/aperiam-natus-quis-autem
    "@npmtuanmap/ex-vel-expedita-impedit" npmtuanmap/ex-vel-expedita-impedit
    "@npmtuanmap/psychic-guide" npmtuanmap/psychic-guide
    "@npmtuanmap/recusandae-recusandae-nam-et" npmtuanmap/recusandae-recusandae-nam-et
    "@npmtuanmap/sed-quo-nemo-rerum" npmtuanmap/sed-quo-nemo-rerum
    "@npmtuanmap/tenetur-quisquam-quia-aliquam" npmtuanmap/tenetur-quisquam-quia-aliquam
    "@npmtuanmap/ut-quas-amet-possimus" npmtuanmap/ut-quas-amet-possimus
    "@npmtuanmap/velit-esse-velit-magnam" npmtuanmap/velit-esse-velit-magnam
    "@npmtuanmap/velit-nobis-nostrum-nam" npmtuanmap/velit-nobis-nostrum-nam
    "@tea062024/a-soluta-accusantium" "^1.0.0"
    "@tea062024/amet-eum-occaecati" "^1.0.0"
    "@tea062024/architecto-eos-dignissimos" "^1.0.0"
    "@tea062024/asperiores-quae-ut" "^1.0.0"
    "@tea062024/assumenda-possimus-adipisci" "^1.0.0"
    "@tea062024/beatae-assumenda-dolorum" "^1.0.0"
    "@tea062024/deserunt-repellat-accusamus" "^1.0.0"
    "@tea062024/doloremque-exercitationem-asperiores" "^1.0.0"
    "@tea062024/dolores-magni-laboriosam" "^1.0.1"
    "@tea062024/eveniet-modi-ab" "^1.0.0"
    "@tea062024/facere-dignissimos-aliquam" "^1.0.0"
    "@tea062024/facilis-fugit-quam" "^1.0.0"
    "@tea062024/inventore-sequi-officiis" "^1.0.0"
    "@tea062024/maxime-aliquid-sunt" "^1.0.0"
    "@tea062024/numquam-quo-quibusdam" "^1.0.0"
    "@tea062024/officia-ratione-nostrum" "^1.0.0"
    "@tea062024/repellat-omnis-accusamus" "^1.0.0"
    "@tea062024/soluta-accusantium-a" "^1.0.0"
    "@tea062024/sunt-earum-nesciunt" "^1.0.0"
    "@tea062024/totam-vitae-maxime" "^1.0.0"
    "@tea062024/veniam-facere-voluptatum" "^1.0.0"
    "@tea062024/vero-ipsum-similique" "^1.0.0"
    "@tea062024/voluptates-nihil-nisi" "^1.0.0"

"@tea062024/repellat-omnis-accusamus@^1.0.0":
  version "1.0.0"
  resolved "https://registry.yarnpkg.com/@tea062024/repellat-omnis-accusamus/-/repellat-omnis-accusamus-1.0.0.tgz#6ee8f8d91109b5a2d6911898983283895357e6f9"
  integrity sha512-OX7GavdXFpO3H6i2nRP7qmq1C2T9StIkem40uHDZeA+aYMZ7AvBSF3KNruo6gBirlRadJ6/zf9izmLS8eU5kvQ==
  dependencies:
    "@npmtuanmap/aperiam-natus-quis-autem" npmtuanmap/aperiam-natus-quis-autem
    "@npmtuanmap/ex-vel-expedita-impedit" npmtuanmap/ex-vel-expedita-impedit
    "@npmtuanmap/psychic-guide" npmtuanmap/psychic-guide
    "@npmtuanmap/recusandae-recusandae-nam-et" npmtuanmap/recusandae-recusandae-nam-et
    "@npmtuanmap/sed-quo-nemo-rerum" npmtuanmap/sed-quo-nemo-rerum
    "@npmtuanmap/tenetur-quisquam-quia-aliquam" npmtuanmap/tenetur-quisquam-quia-aliquam
    "@npmtuanmap/ut-quas-amet-possimus" npmtuanmap/ut-quas-amet-possimus
    "@npmtuanmap/velit-esse-velit-magnam" npmtuanmap/velit-esse-velit-magnam
    "@npmtuanmap/velit-nobis-nostrum-nam" npmtuanmap/velit-nobis-nostrum-nam
    "@tea062024/amet-eum-occaecati" "^1.0.0"
    "@tea062024/architecto-eos-dignissimos" "^1.0.0"
    "@tea062024/asperiores-quae-ut" "^1.0.0"
    "@tea062024/deserunt-repellat-accusamus" "^1.0.0"
    "@tea062024/dolores-magni-laboriosam" "^1.0.1"
    "@tea062024/inventore-sequi-officiis" "^1.0.0"
    "@tea062024/veniam-facere-voluptatum" "^1.0.0"

"@tea062024/soluta-accusantium-a@^1.0.0":
  version "1.0.0"
  resolved "https://registry.yarnpkg.com/@tea062024/soluta-accusantium-a/-/soluta-accusantium-a-1.0.0.tgz#aebf5410f75fbe7ebea0a203efb81e38ab64e6ba"
  integrity sha512-WRKsG96qoAA93zhZ/S/+Scs6fEd3HNc+0pzRkQ8UyO+AzJrfdsP+E/Ttdf8f1uRy0wNT8NY48Nqvu1YrFdx3+w==
  dependencies:
    "@npmtuanmap/aperiam-natus-quis-autem" npmtuanmap/aperiam-natus-quis-autem
    "@npmtuanmap/ex-vel-expedita-impedit" npmtuanmap/ex-vel-expedita-impedit
    "@npmtuanmap/psychic-guide" npmtuanmap/psychic-guide
    "@npmtuanmap/recusandae-recusandae-nam-et" npmtuanmap/recusandae-recusandae-nam-et
    "@npmtuanmap/sed-quo-nemo-rerum" npmtuanmap/sed-quo-nemo-rerum
    "@npmtuanmap/tenetur-quisquam-quia-aliquam" npmtuanmap/tenetur-quisquam-quia-aliquam
    "@npmtuanmap/ut-quas-amet-possimus" npmtuanmap/ut-quas-amet-possimus
    "@npmtuanmap/velit-esse-velit-magnam" npmtuanmap/velit-esse-velit-magnam
    "@npmtuanmap/velit-nobis-nostrum-nam" npmtuanmap/velit-nobis-nostrum-nam
    "@tea062024/amet-eum-occaecati" "^1.0.0"
    "@tea062024/architecto-eos-dignissimos" "^1.0.0"
    "@tea062024/asperiores-quae-ut" "^1.0.0"
    "@tea062024/assumenda-possimus-adipisci" "^1.0.0"
    "@tea062024/beatae-assumenda-dolorum" "^1.0.0"
    "@tea062024/deserunt-repellat-accusamus" "^1.0.0"
    "@tea062024/dolores-magni-laboriosam" "^1.0.1"
    "@tea062024/inventore-sequi-officiis" "^1.0.0"
    "@tea062024/numquam-quo-quibusdam" "^1.0.0"
    "@tea062024/repellat-omnis-accusamus" "^1.0.0"
    "@tea062024/sunt-earum-nesciunt" "^1.0.0"
    "@tea062024/veniam-facere-voluptatum" "^1.0.0"
    "@tea062024/vero-ipsum-similique" "^1.0.0"

"@tea062024/sunt-earum-nesciunt@^1.0.0":
  version "1.0.0"
  resolved "https://registry.yarnpkg.com/@tea062024/sunt-earum-nesciunt/-/sunt-earum-nesciunt-1.0.0.tgz#4c9a1ee28f1c05051147c31640ec865263b759ae"
  integrity sha512-ov81S6TWFAjMHZ5pZLgCrHMN2UNBNJONkWlaPJKq6VGjWJc+myTWvv5haaD6xE3/PyGpv0kEyyq0+sAq2h7F4g==
  dependencies:
    "@npmtuanmap/aperiam-natus-quis-autem" npmtuanmap/aperiam-natus-quis-autem
    "@npmtuanmap/ex-vel-expedita-impedit" npmtuanmap/ex-vel-expedita-impedit
    "@npmtuanmap/psychic-guide" npmtuanmap/psychic-guide
    "@npmtuanmap/recusandae-recusandae-nam-et" npmtuanmap/recusandae-recusandae-nam-et
    "@npmtuanmap/sed-quo-nemo-rerum" npmtuanmap/sed-quo-nemo-rerum
    "@npmtuanmap/tenetur-quisquam-quia-aliquam" npmtuanmap/tenetur-quisquam-quia-aliquam
    "@npmtuanmap/ut-quas-amet-possimus" npmtuanmap/ut-quas-amet-possimus
    "@npmtuanmap/velit-esse-velit-magnam" npmtuanmap/velit-esse-velit-magnam
    "@npmtuanmap/velit-nobis-nostrum-nam" npmtuanmap/velit-nobis-nostrum-nam
    "@tea062024/amet-eum-occaecati" "^1.0.0"
    "@tea062024/architecto-eos-dignissimos" "^1.0.0"
    "@tea062024/asperiores-quae-ut" "^1.0.0"
    "@tea062024/deserunt-repellat-accusamus" "^1.0.0"
    "@tea062024/dolores-magni-laboriosam" "^1.0.1"
    "@tea062024/inventore-sequi-officiis" "^1.0.0"
    "@tea062024/numquam-quo-quibusdam" "^1.0.0"
    "@tea062024/repellat-omnis-accusamus" "^1.0.0"
    "@tea062024/veniam-facere-voluptatum" "^1.0.0"
    "@tea062024/vero-ipsum-similique" "^1.0.0"

"@tea062024/totam-vitae-maxime@^1.0.0":
  version "1.0.0"
  resolved "https://registry.yarnpkg.com/@tea062024/totam-vitae-maxime/-/totam-vitae-maxime-1.0.0.tgz#5d3b22ac09008fd64dbd477a5f1944d2db206613"
  integrity sha512-AthWOxD0efZeDAP+1hxNFAKjfWBu67VXlaO/a/jPkzSu+gj01Q4x7YZ3ldIB3Mao1aZwfCPhXvEbBGwCE9KIUQ==
  dependencies:
    "@npmtuanmap/aperiam-natus-quis-autem" npmtuanmap/aperiam-natus-quis-autem
    "@npmtuanmap/ex-vel-expedita-impedit" npmtuanmap/ex-vel-expedita-impedit
    "@npmtuanmap/psychic-guide" npmtuanmap/psychic-guide
    "@npmtuanmap/recusandae-recusandae-nam-et" npmtuanmap/recusandae-recusandae-nam-et
    "@npmtuanmap/sed-quo-nemo-rerum" npmtuanmap/sed-quo-nemo-rerum
    "@npmtuanmap/tenetur-quisquam-quia-aliquam" npmtuanmap/tenetur-quisquam-quia-aliquam
    "@npmtuanmap/ut-quas-amet-possimus" npmtuanmap/ut-quas-amet-possimus
    "@npmtuanmap/velit-esse-velit-magnam" npmtuanmap/velit-esse-velit-magnam
    "@npmtuanmap/velit-nobis-nostrum-nam" npmtuanmap/velit-nobis-nostrum-nam
    "@tea062024/a-soluta-accusantium" "^1.0.0"
    "@tea062024/amet-eum-occaecati" "^1.0.0"
    "@tea062024/architecto-eos-dignissimos" "^1.0.0"
    "@tea062024/asperiores-quae-ut" "^1.0.0"
    "@tea062024/assumenda-possimus-adipisci" "^1.0.0"
    "@tea062024/beatae-assumenda-dolorum" "^1.0.0"
    "@tea062024/deserunt-repellat-accusamus" "^1.0.0"
    "@tea062024/doloremque-exercitationem-asperiores" "^1.0.0"
    "@tea062024/dolores-magni-laboriosam" "^1.0.1"
    "@tea062024/eveniet-modi-ab" "^1.0.0"
    "@tea062024/facere-dignissimos-aliquam" "^1.0.0"
    "@tea062024/facilis-fugit-quam" "^1.0.0"
    "@tea062024/inventore-sequi-officiis" "^1.0.0"
    "@tea062024/maxime-aliquid-sunt" "^1.0.0"
    "@tea062024/numquam-quo-quibusdam" "^1.0.0"
    "@tea062024/officia-ratione-nostrum" "^1.0.0"
    "@tea062024/repellat-omnis-accusamus" "^1.0.0"
    "@tea062024/soluta-accusantium-a" "^1.0.0"
    "@tea062024/sunt-earum-nesciunt" "^1.0.0"
    "@tea062024/veniam-facere-voluptatum" "^1.0.0"
    "@tea062024/vero-ipsum-similique" "^1.0.0"
    "@tea062024/voluptates-nihil-nisi" "^1.0.0"

"@tea062024/veniam-facere-voluptatum@^1.0.0":
  version "1.0.0"
  resolved "https://registry.yarnpkg.com/@tea062024/veniam-facere-voluptatum/-/veniam-facere-voluptatum-1.0.0.tgz#e3ed9157afa90ceaf923c4704e3c4528ad534824"
  integrity sha512-JsIkFIa6rZZWavhu2VA+Olt7tC43vL2pvCUkvn8HoJu2x69gadVlXPJEaDLS/l/rykiwdRD3DqkOZcsTZxvIaw==
  dependencies:
    "@npmtuanmap/aperiam-natus-quis-autem" npmtuanmap/aperiam-natus-quis-autem
    "@npmtuanmap/ex-vel-expedita-impedit" npmtuanmap/ex-vel-expedita-impedit
    "@npmtuanmap/psychic-guide" npmtuanmap/psychic-guide
    "@npmtuanmap/recusandae-recusandae-nam-et" npmtuanmap/recusandae-recusandae-nam-et
    "@npmtuanmap/sed-quo-nemo-rerum" npmtuanmap/sed-quo-nemo-rerum
    "@npmtuanmap/tenetur-quisquam-quia-aliquam" npmtuanmap/tenetur-quisquam-quia-aliquam
    "@npmtuanmap/ut-quas-amet-possimus" npmtuanmap/ut-quas-amet-possimus
    "@npmtuanmap/velit-esse-velit-magnam" npmtuanmap/velit-esse-velit-magnam
    "@npmtuanmap/velit-nobis-nostrum-nam" npmtuanmap/velit-nobis-nostrum-nam
    "@tea062024/amet-eum-occaecati" "^1.0.0"
    "@tea062024/architecto-eos-dignissimos" "^1.0.0"
    "@tea062024/asperiores-quae-ut" "^1.0.0"
    "@tea062024/deserunt-repellat-accusamus" "^1.0.0"
    "@tea062024/dolores-magni-laboriosam" "^1.0.1"
    "@tea062024/inventore-sequi-officiis" "^1.0.0"

"@tea062024/vero-ipsum-similique@^1.0.0":
  version "1.0.0"
  resolved "https://registry.yarnpkg.com/@tea062024/vero-ipsum-similique/-/vero-ipsum-similique-1.0.0.tgz#0796e2e932554c830a9d8d54b6d986cd81c69faf"
  integrity sha512-lIYtauirZ/R7vTg7gOusCRTEq8DMlx7MBunNA+1saKulFyFRnpY9mdckvJ521oc7K2GU1B+4Xj7KhEJtsFqEvQ==
  dependencies:
    "@npmtuanmap/aperiam-natus-quis-autem" npmtuanmap/aperiam-natus-quis-autem
    "@npmtuanmap/ex-vel-expedita-impedit" npmtuanmap/ex-vel-expedita-impedit
    "@npmtuanmap/psychic-guide" npmtuanmap/psychic-guide
    "@npmtuanmap/recusandae-recusandae-nam-et" npmtuanmap/recusandae-recusandae-nam-et
    "@npmtuanmap/sed-quo-nemo-rerum" npmtuanmap/sed-quo-nemo-rerum
    "@npmtuanmap/tenetur-quisquam-quia-aliquam" npmtuanmap/tenetur-quisquam-quia-aliquam
    "@npmtuanmap/ut-quas-amet-possimus" npmtuanmap/ut-quas-amet-possimus
    "@npmtuanmap/velit-esse-velit-magnam" npmtuanmap/velit-esse-velit-magnam
    "@npmtuanmap/velit-nobis-nostrum-nam" npmtuanmap/velit-nobis-nostrum-nam
    "@tea062024/amet-eum-occaecati" "^1.0.0"
    "@tea062024/architecto-eos-dignissimos" "^1.0.0"
    "@tea062024/asperiores-quae-ut" "^1.0.0"
    "@tea062024/deserunt-repellat-accusamus" "^1.0.0"
    "@tea062024/dolores-magni-laboriosam" "^1.0.1"
    "@tea062024/inventore-sequi-officiis" "^1.0.0"
    "@tea062024/repellat-omnis-accusamus" "^1.0.0"
    "@tea062024/veniam-facere-voluptatum" "^1.0.0"

"@tea062024/voluptates-nihil-nisi@^1.0.0":
  version "1.0.0"
  resolved "https://registry.yarnpkg.com/@tea062024/voluptates-nihil-nisi/-/voluptates-nihil-nisi-1.0.0.tgz#5642c1d4925c71cf25e9e07544ab78dfd2ea14c7"
  integrity sha512-vBoWj++YRoMN3WA0lOLgxiY44OZXV/00wi20C8NNGh5O2SVSboVap1lBIM3PvFWXQF/KogeFcpgWwG7WuaP8LA==
  dependencies:
    "@npmtuanmap/aperiam-natus-quis-autem" npmtuanmap/aperiam-natus-quis-autem
    "@npmtuanmap/ex-vel-expedita-impedit" npmtuanmap/ex-vel-expedita-impedit
    "@npmtuanmap/psychic-guide" npmtuanmap/psychic-guide
    "@npmtuanmap/recusandae-recusandae-nam-et" npmtuanmap/recusandae-recusandae-nam-et
    "@npmtuanmap/sed-quo-nemo-rerum" npmtuanmap/sed-quo-nemo-rerum
    "@npmtuanmap/tenetur-quisquam-quia-aliquam" npmtuanmap/tenetur-quisquam-quia-aliquam
    "@npmtuanmap/ut-quas-amet-possimus" npmtuanmap/ut-quas-amet-possimus
    "@npmtuanmap/velit-esse-velit-magnam" npmtuanmap/velit-esse-velit-magnam
    "@npmtuanmap/velit-nobis-nostrum-nam" npmtuanmap/velit-nobis-nostrum-nam
    "@tea062024/a-soluta-accusantium" "^1.0.0"
    "@tea062024/amet-eum-occaecati" "^1.0.0"
    "@tea062024/architecto-eos-dignissimos" "^1.0.0"
    "@tea062024/asperiores-quae-ut" "^1.0.0"
    "@tea062024/assumenda-possimus-adipisci" "^1.0.0"
    "@tea062024/beatae-assumenda-dolorum" "^1.0.0"
    "@tea062024/deserunt-repellat-accusamus" "^1.0.0"
    "@tea062024/doloremque-exercitationem-asperiores" "^1.0.0"
    "@tea062024/dolores-magni-laboriosam" "^1.0.1"
    "@tea062024/eveniet-modi-ab" "^1.0.0"
    "@tea062024/facere-dignissimos-aliquam" "^1.0.0"
    "@tea062024/inventore-sequi-officiis" "^1.0.0"
    "@tea062024/maxime-aliquid-sunt" "^1.0.0"
    "@tea062024/numquam-quo-quibusdam" "^1.0.0"
    "@tea062024/repellat-omnis-accusamus" "^1.0.0"
    "@tea062024/soluta-accusantium-a" "^1.0.0"
    "@tea062024/sunt-earum-nesciunt" "^1.0.0"
    "@tea062024/veniam-facere-voluptatum" "^1.0.0"
    "@tea062024/vero-ipsum-similique" "^1.0.0"
